PODS:
  - FBSnapshotTestCase (2.1.4):
    - FBSnapshotTestCase/SwiftSupport (= 2.1.4)
  - FBSnapshotTestCase/Core (2.1.4)
  - FBSnapshotTestCase/SwiftSupport (2.1.4):
    - FBSnapshotTestCase/Core
  - UIAnalogClock (0.1.0)

DEPENDENCIES:
  - FBSnapshotTestCase (~> 2.1.4)
  - UIAnalogClock (from `../`)

EXTERNAL SOURCES:
  UIAnalogClock:
    :path: ../

SPEC CHECKSUMS:
  FBSnapshotTestCase: 094f9f314decbabe373b87cc339bea235a63e07a
  UIAnalogClock: 73a7500bf95ea9f4f6880651c60e079bedbff52a

PODFILE CHECKSUM: ee1cdd80ec9d3ca81c5eca15f0499e77732234f3

COCOAPODS: 1.4.0
